
Microsoft Visual Studio Solution File, Format Version 12.00
# Visual Studio Version 17
VisualStudioVersion = 17.14.36804.6
MinimumVisualStudioVersion = 10.0.40219.1
Project("{FAE04EC0-301F-11D3-BF4B-00C04F79EFBC}") = "MiSAT", "MiSAT.csproj", "{8EB01B30-05A5-4751-87F3-1B2E84095C29}"
EndProject
Project("{FAE04EC0-301F-11D3-BF4B-00C04F79EFBC}") = "UnitTest", "..\UnitTest\UnitTest.csproj", "{5FE9049A-F7B6-4F00-B1AC-EC614DBD81D5}"
EndProject
Global
	GlobalSection(SolutionConfigurationPlatforms) = preSolution
		Debug|Any CPU = Debug|Any CPU
		Release|Any CPU = Release|Any CPU
	EndGlobalSection
	GlobalSection(ProjectConfigurationPlatforms) = postSolution
		{8EB01B30-05A5-4751-87F3-1B2E84095C29}.Debug|Any CPU.ActiveCfg = Debug|Any CPU
		{8EB01B30-05A5-4751-87F3-1B2E84095C29}.Debug|Any CPU.Build.0 = Debug|Any CPU
		{8EB01B30-05A5-4751-87F3-1B2E84095C29}.Release|Any CPU.ActiveCfg = Release|Any CPU
		{8EB01B30-05A5-4751-87F3-1B2E84095C29}.Release|Any CPU.Build.0 = Release|Any CPU
		{5FE9049A-F7B6-4F00-B1AC-EC614DBD81D5}.Debug|Any CPU.ActiveCfg = Debug|Any CPU
		{5FE9049A-F7B6-4F00-B1AC-EC614DBD81D5}.Debug|Any CPU.Build.0 = Debug|Any CPU
		{5FE9049A-F7B6-4F00-B1AC-EC614DBD81D5}.Release|Any CPU.ActiveCfg = Release|Any CPU
		{5FE9049A-F7B6-4F00-B1AC-EC614DBD81D5}.Release|Any CPU.Build.0 = Release|Any CPU
	EndGlobalSection
	GlobalSection(SolutionProperties) = preSolution
		HideSolutionNode = FALSE
	EndGlobalSection
	GlobalSection(ExtensibilityGlobals) = postSolution
		SolutionGuid = {C695038F-8B90-4D0C-AAB4-0E37592A4380}
	EndGlobalSection
EndGlobal
